{
  "jobId": "migration-loop",
  "autonomousRunId": "auto-2353a60b",
  "attemptId": "migration-loop-a1",
  "attempt": 1,
  "agent": "orchestrator",
  "ownerKind": "orchestrator",
  "kind": "job",
  "key": "migration-loop",
  "workerInstanceId": "22880-7c4cf7de",
  "hostname": "Borges",
  "bootAt": "2026-09-19T21:52:12.372Z",
  "pid": 22880,
  "processStartedAt": "2026-09-19T22:14:37.068Z",
  "status": "ACTIVE",
  "version": 389,
  "acquiredAt": "2026-09-19T22:14:37.137Z",
  "heartbeatAt": "2026-09-19T23:19:09.849Z",
  "expiresAt": "2026-09-19T23:20:39.849Z"
}
