{
  "worktreePath": "E:\\Projetos\\atendly-ia\\.ai-worktrees\\goal-026",
  "attemptId": "026-r3-correction-90b602af-a1",
  "jobId": "026-r3-correction-90b602af",
  "agent": "developer",
  "kind": "worktree",
  "key": "e6a39bcf572c43e2",
  "workerInstanceId": "21348-0d539ad0",
  "hostname": "Borges",
  "bootAt": "2026-09-19T21:52:12.367Z",
  "pid": 21348,
  "processStartedAt": "2026-09-19T22:13:27.838Z",
  "status": "ACTIVE",
  "version": 3,
  "acquiredAt": "2026-09-19T23:19:01.835Z",
  "heartbeatAt": "2026-09-19T23:19:11.844Z",
  "expiresAt": "2026-09-19T23:20:41.844Z"
}
