{
  "role": "developer",
  "repoRoot": "E:\\Projetos\\atendly-ia\\tools\\ia-loop",
  "bootCodeVersion": "70c8fc46c954eea0",
  "bootCodeFileCount": 104,
  "startedAt": "2026-09-19T22:13:27.882Z",
  "kind": "worker",
  "key": "developer",
  "workerInstanceId": "21348-0d539ad0",
  "hostname": "Borges",
  "bootAt": "2026-09-19T21:52:12.367Z",
  "pid": 21348,
  "processStartedAt": "2026-09-19T22:13:27.836Z",
  "status": "ACTIVE",
  "version": 395,
  "acquiredAt": "2026-09-19T22:13:27.882Z",
  "heartbeatAt": "2026-09-19T23:19:10.440Z",
  "expiresAt": "2026-09-19T23:20:40.440Z"
}
