{
  "role": "tech_lead",
  "repoRoot": "E:\\Projetos\\atendly-ia\\tools\\ia-loop",
  "bootCodeVersion": "70c8fc46c954eea0",
  "bootCodeFileCount": 104,
  "startedAt": "2026-09-19T22:13:26.038Z",
  "kind": "worker",
  "key": "tech_lead",
  "workerInstanceId": "22564-add6caff",
  "hostname": "Borges",
  "bootAt": "2026-09-19T21:52:12.362Z",
  "pid": 22564,
  "processStartedAt": "2026-09-19T22:13:25.991Z",
  "status": "ACTIVE",
  "version": 395,
  "acquiredAt": "2026-09-19T22:13:26.080Z",
  "heartbeatAt": "2026-09-19T23:19:08.776Z",
  "expiresAt": "2026-09-19T23:20:38.776Z"
}
